
Microsoft Visual Studio Solution File, Format Version 12.00
# Visual Studio 2013
VisualStudioVersion = 12.0.21005.1
MinimumVisualStudioVersion = 10.0.40219.1
Project("{FAE04EC0-301F-11D3-BF4B-00C04F79EFBC}") = "MatrixLibrary", "MatrixLibrary\MatrixLibrary.csproj", "{C3501030-EF15-4530-8D87-D98B637AB9E3}"
EndProject
Project("{FAE04EC0-301F-11D3-BF4B-00C04F79EFBC}") = "MatrixConsoleApplication", "MatrixConsoleApplication\MatrixConsoleApplication.csproj", "{37760C8E-C464-47BA-913A-589BBB07AA7F}"
EndProject
Project("{FAE04EC0-301F-11D3-BF4B-00C04F79EFBC}") = "MatrixNUnitTest", "MatrixNUnitTest\MatrixNUnitTest.csproj", "{067456C0-086C-46A8-B37F-1405717B7BFC}"
EndProject
Global
	GlobalSection(SolutionConfigurationPlatforms) = preSolution
		Debug|Any CPU = Debug|Any CPU
		Release|Any CPU = Release|Any CPU
	EndGlobalSection
	GlobalSection(ProjectConfigurationPlatforms) = postSolution
		{C3501030-EF15-4530-8D87-D98B637AB9E3}.Debug|Any CPU.ActiveCfg = Debug|Any CPU
		{C3501030-EF15-4530-8D87-D98B637AB9E3}.Debug|Any CPU.Build.0 = Debug|Any CPU
		{C3501030-EF15-4530-8D87-D98B637AB9E3}.Release|Any CPU.ActiveCfg = Release|Any CPU
		{C3501030-EF15-4530-8D87-D98B637AB9E3}.Release|Any CPU.Build.0 = Release|Any CPU
		{37760C8E-C464-47BA-913A-589BBB07AA7F}.Debug|Any CPU.ActiveCfg = Debug|Any CPU
		{37760C8E-C464-47BA-913A-589BBB07AA7F}.Debug|Any CPU.Build.0 = Debug|Any CPU
		{37760C8E-C464-47BA-913A-589BBB07AA7F}.Release|Any CPU.ActiveCfg = Release|Any CPU
		{37760C8E-C464-47BA-913A-589BBB07AA7F}.Release|Any CPU.Build.0 = Release|Any CPU
		{067456C0-086C-46A8-B37F-1405717B7BFC}.Debug|Any CPU.ActiveCfg = Debug|Any CPU
		{067456C0-086C-46A8-B37F-1405717B7BFC}.Debug|Any CPU.Build.0 = Debug|Any CPU
		{067456C0-086C-46A8-B37F-1405717B7BFC}.Release|Any CPU.ActiveCfg = Release|Any CPU
		{067456C0-086C-46A8-B37F-1405717B7BFC}.Release|Any CPU.Build.0 = Release|Any CPU
	EndGlobalSection
	GlobalSection(SolutionProperties) = preSolution
		HideSolutionNode = FALSE
	EndGlobalSection
EndGlobal
